
Microsoft Visual Studio Solution File, Format Version 12.00
# Visual Studio 15
VisualStudioVersion = 15.0.26124.0
MinimumVisualStudioVersion = 15.0.26124.0
Project("{FAE04EC0-301F-11D3-BF4B-00C04F79EFBC}") = "hampad", "hampad\hampad.csproj", "{57DD1C67-FC99-4806-A78E-A6C334597612}"
EndProject
Project("{FAE04EC0-301F-11D3-BF4B-00C04F79EFBC}") = "DataLayer", "DataLayer\DataLayer.csproj", "{6CD13780-F1A5-4D0A-9E2C-66263445DBB5}"
EndProject
Project("{FAE04EC0-301F-11D3-BF4B-00C04F79EFBC}") = "ViewModels", "ViewModels\ViewModels.csproj", "{455593C3-0D5C-44C6-9C49-C54E3DA7AB84}"
EndProject
Global
	GlobalSection(SolutionConfigurationPlatforms) = preSolution
		Debug|Any CPU = Debug|Any CPU
		Debug|x64 = Debug|x64
		Debug|x86 = Debug|x86
		Release|Any CPU = Release|Any CPU
		Release|x64 = Release|x64
		Release|x86 = Release|x86
	EndGlobalSection
	GlobalSection(SolutionProperties) = preSolution
		HideSolutionNode = FALSE
	EndGlobalSection
	GlobalSection(ProjectConfigurationPlatforms) = postSolution
		{57DD1C67-FC99-4806-A78E-A6C334597612}.Debug|Any CPU.ActiveCfg = Debug|Any CPU
		{57DD1C67-FC99-4806-A78E-A6C334597612}.Debug|Any CPU.Build.0 = Debug|Any CPU
		{57DD1C67-FC99-4806-A78E-A6C334597612}.Debug|x64.ActiveCfg = Debug|Any CPU
		{57DD1C67-FC99-4806-A78E-A6C334597612}.Debug|x64.Build.0 = Debug|Any CPU
		{57DD1C67-FC99-4806-A78E-A6C334597612}.Debug|x86.ActiveCfg = Debug|Any CPU
		{57DD1C67-FC99-4806-A78E-A6C334597612}.Debug|x86.Build.0 = Debug|Any CPU
		{57DD1C67-FC99-4806-A78E-A6C334597612}.Release|Any CPU.ActiveCfg = Release|Any CPU
		{57DD1C67-FC99-4806-A78E-A6C334597612}.Release|Any CPU.Build.0 = Release|Any CPU
		{57DD1C67-FC99-4806-A78E-A6C334597612}.Release|x64.ActiveCfg = Release|Any CPU
		{57DD1C67-FC99-4806-A78E-A6C334597612}.Release|x64.Build.0 = Release|Any CPU
		{57DD1C67-FC99-4806-A78E-A6C334597612}.Release|x86.ActiveCfg = Release|Any CPU
		{57DD1C67-FC99-4806-A78E-A6C334597612}.Release|x86.Build.0 = Release|Any CPU
		{6CD13780-F1A5-4D0A-9E2C-66263445DBB5}.Debug|Any CPU.ActiveCfg = Debug|Any CPU
		{6CD13780-F1A5-4D0A-9E2C-66263445DBB5}.Debug|Any CPU.Build.0 = Debug|Any CPU
		{6CD13780-F1A5-4D0A-9E2C-66263445DBB5}.Debug|x64.ActiveCfg = Debug|Any CPU
		{6CD13780-F1A5-4D0A-9E2C-66263445DBB5}.Debug|x64.Build.0 = Debug|Any CPU
		{6CD13780-F1A5-4D0A-9E2C-66263445DBB5}.Debug|x86.ActiveCfg = Debug|Any CPU
		{6CD13780-F1A5-4D0A-9E2C-66263445DBB5}.Debug|x86.Build.0 = Debug|Any CPU
		{6CD13780-F1A5-4D0A-9E2C-66263445DBB5}.Release|Any CPU.ActiveCfg = Release|Any CPU
		{6CD13780-F1A5-4D0A-9E2C-66263445DBB5}.Release|Any CPU.Build.0 = Release|Any CPU
		{6CD13780-F1A5-4D0A-9E2C-66263445DBB5}.Release|x64.ActiveCfg = Release|Any CPU
		{6CD13780-F1A5-4D0A-9E2C-66263445DBB5}.Release|x64.Build.0 = Release|Any CPU
		{6CD13780-F1A5-4D0A-9E2C-66263445DBB5}.Release|x86.ActiveCfg = Release|Any CPU
		{6CD13780-F1A5-4D0A-9E2C-66263445DBB5}.Release|x86.Build.0 = Release|Any CPU
		{455593C3-0D5C-44C6-9C49-C54E3DA7AB84}.Debug|Any CPU.ActiveCfg = Debug|Any CPU
		{455593C3-0D5C-44C6-9C49-C54E3DA7AB84}.Debug|Any CPU.Build.0 = Debug|Any CPU
		{455593C3-0D5C-44C6-9C49-C54E3DA7AB84}.Debug|x64.ActiveCfg = Debug|Any CPU
		{455593C3-0D5C-44C6-9C49-C54E3DA7AB84}.Debug|x64.Build.0 = Debug|Any CPU
		{455593C3-0D5C-44C6-9C49-C54E3DA7AB84}.Debug|x86.ActiveCfg = Debug|Any CPU
		{455593C3-0D5C-44C6-9C49-C54E3DA7AB84}.Debug|x86.Build.0 = Debug|Any CPU
		{455593C3-0D5C-44C6-9C49-C54E3DA7AB84}.Release|Any CPU.ActiveCfg = Release|Any CPU
		{455593C3-0D5C-44C6-9C49-C54E3DA7AB84}.Release|Any CPU.Build.0 = Release|Any CPU
		{455593C3-0D5C-44C6-9C49-C54E3DA7AB84}.Release|x64.ActiveCfg = Release|Any CPU
		{455593C3-0D5C-44C6-9C49-C54E3DA7AB84}.Release|x64.Build.0 = Release|Any CPU
		{455593C3-0D5C-44C6-9C49-C54E3DA7AB84}.Release|x86.ActiveCfg = Release|Any CPU
		{455593C3-0D5C-44C6-9C49-C54E3DA7AB84}.Release|x86.Build.0 = Release|Any CPU
	EndGlobalSection
EndGlobal
